# This file is automatically @generated by Cargo.
# It is not intended for manual editing.
version = 4

[[package]]
name = "custodian-contracts"
version = "0.0.0"

[[package]]
name = "custodian-core"
version = "0.0.0"

[[package]]
name = "custodian-service"
version = "0.0.0"
dependencies = [
 "custodian-contracts",
 "custodian-core",
]
